
Microsoft Visual Studio Solution File, Format Version 12.00
# Visual Studio Version 16
VisualStudioVersion = 16.0.32228.343
MinimumVisualStudioVersion = 10.0.40219.1
Project("{9A19103F-16F7-4668-BE54-9A1E7A4F7556}") = "RockScissorsPaper", "RockScissorsPaper\RockScissorsPaper.csproj", "{48E6D5CD-DDFB-48F7-8B46-DF61549F9A59}"
EndProject
Project("{9A19103F-16F7-4668-BE54-9A1E7A4F7556}") = "ANDOperator", "ANDOperator\ANDOperator.csproj", "{1C04DA68-F4A2-4650-B354-FF1E5C9554EB}"
EndProject
Project("{FAE04EC0-301F-11D3-BF4B-00C04F79EFBC}") = "EnglishWeether", "EnglishWeether\EnglishWeether.csproj", "{3DDCCDED-8326-46D1-A026-E76D7C929205}"
EndProject
Project("{FAE04EC0-301F-11D3-BF4B-00C04F79EFBC}") = "OROperator", "OROperator\OROperator.csproj", "{17CC4BE4-D2C1-4688-8194-65D223BC692D}"
EndProject
Project("{FAE04EC0-301F-11D3-BF4B-00C04F79EFBC}") = "Discount", "Discount\Discount.csproj", "{6836CBC0-FD93-4EB6-9B83-6EB21A64CCD4}"
EndProject
Global
	GlobalSection(SolutionConfigurationPlatforms) = preSolution
		Debug|Any CPU = Debug|Any CPU
		Release|Any CPU = Release|Any CPU
	EndGlobalSection
	GlobalSection(ProjectConfigurationPlatforms) = postSolution
		{48E6D5CD-DDFB-48F7-8B46-DF61549F9A59}.Debug|Any CPU.ActiveCfg = Debug|Any CPU
		{48E6D5CD-DDFB-48F7-8B46-DF61549F9A59}.Debug|Any CPU.Build.0 = Debug|Any CPU
		{48E6D5CD-DDFB-48F7-8B46-DF61549F9A59}.Release|Any CPU.ActiveCfg = Release|Any CPU
		{48E6D5CD-DDFB-48F7-8B46-DF61549F9A59}.Release|Any CPU.Build.0 = Release|Any CPU
		{1C04DA68-F4A2-4650-B354-FF1E5C9554EB}.Debug|Any CPU.ActiveCfg = Debug|Any CPU
		{1C04DA68-F4A2-4650-B354-FF1E5C9554EB}.Debug|Any CPU.Build.0 = Debug|Any CPU
		{1C04DA68-F4A2-4650-B354-FF1E5C9554EB}.Release|Any CPU.ActiveCfg = Release|Any CPU
		{1C04DA68-F4A2-4650-B354-FF1E5C9554EB}.Release|Any CPU.Build.0 = Release|Any CPU
		{3DDCCDED-8326-46D1-A026-E76D7C929205}.Debug|Any CPU.ActiveCfg = Debug|Any CPU
		{3DDCCDED-8326-46D1-A026-E76D7C929205}.Debug|Any CPU.Build.0 = Debug|Any CPU
		{3DDCCDED-8326-46D1-A026-E76D7C929205}.Release|Any CPU.ActiveCfg = Release|Any CPU
		{3DDCCDED-8326-46D1-A026-E76D7C929205}.Release|Any CPU.Build.0 = Release|Any CPU
		{17CC4BE4-D2C1-4688-8194-65D223BC692D}.Debug|Any CPU.ActiveCfg = Debug|Any CPU
		{17CC4BE4-D2C1-4688-8194-65D223BC692D}.Debug|Any CPU.Build.0 = Debug|Any CPU
		{17CC4BE4-D2C1-4688-8194-65D223BC692D}.Release|Any CPU.ActiveCfg = Release|Any CPU
		{17CC4BE4-D2C1-4688-8194-65D223BC692D}.Release|Any CPU.Build.0 = Release|Any CPU
		{6836CBC0-FD93-4EB6-9B83-6EB21A64CCD4}.Debug|Any CPU.ActiveCfg = Debug|Any CPU
		{6836CBC0-FD93-4EB6-9B83-6EB21A64CCD4}.Debug|Any CPU.Build.0 = Debug|Any CPU
		{6836CBC0-FD93-4EB6-9B83-6EB21A64CCD4}.Release|Any CPU.ActiveCfg = Release|Any CPU
		{6836CBC0-FD93-4EB6-9B83-6EB21A64CCD4}.Release|Any CPU.Build.0 = Release|Any CPU
	EndGlobalSection
	GlobalSection(SolutionProperties) = preSolution
		HideSolutionNode = FALSE
	EndGlobalSection
	GlobalSection(ExtensibilityGlobals) = postSolution
		SolutionGuid = {EDE89B1F-E780-411D-BA89-7270375E7F71}
	EndGlobalSection
EndGlobal
